
Microsoft Visual Studio Solution File, Format Version 12.00
# Visual Studio Version 16
VisualStudioVersion = 16.0.32228.343
MinimumVisualStudioVersion = 10.0.40219.1
Project("{FAE04EC0-301F-11D3-BF4B-00C04F79EFBC}") = "Stream2nd", "Stream2nd\Stream2nd.csproj", "{256E5A0B-A18F-4B36-AC0B-721C7E50999F}"
EndProject
Global
	GlobalSection(SolutionConfigurationPlatforms) = preSolution
		Debug|Any CPU = Debug|Any CPU
		Release|Any CPU = Release|Any CPU
	EndGlobalSection
	GlobalSection(ProjectConfigurationPlatforms) = postSolution
		{256E5A0B-A18F-4B36-AC0B-721C7E50999F}.Debug|Any CPU.ActiveCfg = Debug|Any CPU
		{256E5A0B-A18F-4B36-AC0B-721C7E50999F}.Debug|Any CPU.Build.0 = Debug|Any CPU
		{256E5A0B-A18F-4B36-AC0B-721C7E50999F}.Release|Any CPU.ActiveCfg = Release|Any CPU
		{256E5A0B-A18F-4B36-AC0B-721C7E50999F}.Release|Any CPU.Build.0 = Release|Any CPU
	EndGlobalSection
	GlobalSection(SolutionProperties) = preSolution
		HideSolutionNode = FALSE
	EndGlobalSection
	GlobalSection(ExtensibilityGlobals) = postSolution
		SolutionGuid = {11A2BEA0-D108-4BD8-8667-ED48403D8840}
	EndGlobalSection
EndGlobal
